
Microsoft Visual Studio Solution File, Format Version 12.00
# Visual Studio Version 17
VisualStudioVersion = 17.0.31903.59
MinimumVisualStudioVersion = 10.0.40219.1
Project("{FAE04EC0-301F-11D3-BF4B-00C04F79EFBC}") = "ProjectProgress.Api", "ProjectProgress.Api\ProjectProgress.Api.csproj", "{B96F8A48-835B-4773-ACD9-6C3E562E7576}"
EndProject
Project("{FAE04EC0-301F-11D3-BF4B-00C04F79EFBC}") = "ProjectProgress.Application", "ProjectProgress.Application\ProjectProgress.Application.csproj", "{2586B386-CDB1-45FA-9CA4-1F1F60F4D029}"
EndProject
Project("{FAE04EC0-301F-11D3-BF4B-00C04F79EFBC}") = "ProjectProgress.Domain", "ProjectProgress.Domain\ProjectProgress.Domain.csproj", "{85128FDE-AEC2-4ACA-9DA3-8EF133AC44DF}"
EndProject
Project("{FAE04EC0-301F-11D3-BF4B-00C04F79EFBC}") = "ProjectProgress.Infrastructure", "ProjectProgress.Infrastructure\ProjectProgress.Infrastructure.csproj", "{04FE54BC-9C70-44D1-9D69-20579495360B}"
EndProject
Global
	GlobalSection(SolutionConfigurationPlatforms) = preSolution
		Debug|Any CPU = Debug|Any CPU
		Debug|x64 = Debug|x64
		Debug|x86 = Debug|x86
		Release|Any CPU = Release|Any CPU
		Release|x64 = Release|x64
		Release|x86 = Release|x86
	EndGlobalSection
	GlobalSection(ProjectConfigurationPlatforms) = postSolution
		{B96F8A48-835B-4773-ACD9-6C3E562E7576}.Debug|Any CPU.ActiveCfg = Debug|Any CPU
		{B96F8A48-835B-4773-ACD9-6C3E562E7576}.Debug|Any CPU.Build.0 = Debug|Any CPU
		{B96F8A48-835B-4773-ACD9-6C3E562E7576}.Debug|x64.ActiveCfg = Debug|Any CPU
		{B96F8A48-835B-4773-ACD9-6C3E562E7576}.Debug|x64.Build.0 = Debug|Any CPU
		{B96F8A48-835B-4773-ACD9-6C3E562E7576}.Debug|x86.ActiveCfg = Debug|Any CPU
		{B96F8A48-835B-4773-ACD9-6C3E562E7576}.Debug|x86.Build.0 = Debug|Any CPU
		{B96F8A48-835B-4773-ACD9-6C3E562E7576}.Release|Any CPU.ActiveCfg = Release|Any CPU
		{B96F8A48-835B-4773-ACD9-6C3E562E7576}.Release|Any CPU.Build.0 = Release|Any CPU
		{B96F8A48-835B-4773-ACD9-6C3E562E7576}.Release|x64.ActiveCfg = Release|Any CPU
		{B96F8A48-835B-4773-ACD9-6C3E562E7576}.Release|x64.Build.0 = Release|Any CPU
		{B96F8A48-835B-4773-ACD9-6C3E562E7576}.Release|x86.ActiveCfg = Release|Any CPU
		{B96F8A48-835B-4773-ACD9-6C3E562E7576}.Release|x86.Build.0 = Release|Any CPU
		{2586B386-CDB1-45FA-9CA4-1F1F60F4D029}.Debug|Any CPU.ActiveCfg = Debug|Any CPU
		{2586B386-CDB1-45FA-9CA4-1F1F60F4D029}.Debug|Any CPU.Build.0 = Debug|Any CPU
		{2586B386-CDB1-45FA-9CA4-1F1F60F4D029}.Debug|x64.ActiveCfg = Debug|Any CPU
		{2586B386-CDB1-45FA-9CA4-1F1F60F4D029}.Debug|x64.Build.0 = Debug|Any CPU
		{2586B386-CDB1-45FA-9CA4-1F1F60F4D029}.Debug|x86.ActiveCfg = Debug|Any CPU
		{2586B386-CDB1-45FA-9CA4-1F1F60F4D029}.Debug|x86.Build.0 = Debug|Any CPU
		{2586B386-CDB1-45FA-9CA4-1F1F60F4D029}.Release|Any CPU.ActiveCfg = Release|Any CPU
		{2586B386-CDB1-45FA-9CA4-1F1F60F4D029}.Release|Any CPU.Build.0 = Release|Any CPU
		{2586B386-CDB1-45FA-9CA4-1F1F60F4D029}.Release|x64.ActiveCfg = Release|Any CPU
		{2586B386-CDB1-45FA-9CA4-1F1F60F4D029}.Release|x64.Build.0 = Release|Any CPU
		{2586B386-CDB1-45FA-9CA4-1F1F60F4D029}.Release|x86.ActiveCfg = Release|Any CPU
		{2586B386-CDB1-45FA-9CA4-1F1F60F4D029}.Release|x86.Build.0 = Release|Any CPU
		{85128FDE-AEC2-4ACA-9DA3-8EF133AC44DF}.Debug|Any CPU.ActiveCfg = Debug|Any CPU
		{85128FDE-AEC2-4ACA-9DA3-8EF133AC44DF}.Debug|Any CPU.Build.0 = Debug|Any CPU
		{85128FDE-AEC2-4ACA-9DA3-8EF133AC44DF}.Debug|x64.ActiveCfg = Debug|Any CPU
		{85128FDE-AEC2-4ACA-9DA3-8EF133AC44DF}.Debug|x64.Build.0 = Debug|Any CPU
		{85128FDE-AEC2-4ACA-9DA3-8EF133AC44DF}.Debug|x86.ActiveCfg = Debug|Any CPU
		{85128FDE-AEC2-4ACA-9DA3-8EF133AC44DF}.Debug|x86.Build.0 = Debug|Any CPU
		{85128FDE-AEC2-4ACA-9DA3-8EF133AC44DF}.Release|Any CPU.ActiveCfg = Release|Any CPU
		{85128FDE-AEC2-4ACA-9DA3-8EF133AC44DF}.Release|Any CPU.Build.0 = Release|Any CPU
		{85128FDE-AEC2-4ACA-9DA3-8EF133AC44DF}.Release|x64.ActiveCfg = Release|Any CPU
		{85128FDE-AEC2-4ACA-9DA3-8EF133AC44DF}.Release|x64.Build.0 = Release|Any CPU
		{85128FDE-AEC2-4ACA-9DA3-8EF133AC44DF}.Release|x86.ActiveCfg = Release|Any CPU
		{85128FDE-AEC2-4ACA-9DA3-8EF133AC44DF}.Release|x86.Build.0 = Release|Any CPU
		{04FE54BC-9C70-44D1-9D69-20579495360B}.Debug|Any CPU.ActiveCfg = Debug|Any CPU
		{04FE54BC-9C70-44D1-9D69-20579495360B}.Debug|Any CPU.Build.0 = Debug|Any CPU
		{04FE54BC-9C70-44D1-9D69-20579495360B}.Debug|x64.ActiveCfg = Debug|Any CPU
		{04FE54BC-9C70-44D1-9D69-20579495360B}.Debug|x64.Build.0 = Debug|Any CPU
		{04FE54BC-9C70-44D1-9D69-20579495360B}.Debug|x86.ActiveCfg = Debug|Any CPU
		{04FE54BC-9C70-44D1-9D69-20579495360B}.Debug|x86.Build.0 = Debug|Any CPU
		{04FE54BC-9C70-44D1-9D69-20579495360B}.Release|Any CPU.ActiveCfg = Release|Any CPU
		{04FE54BC-9C70-44D1-9D69-20579495360B}.Release|Any CPU.Build.0 = Release|Any CPU
		{04FE54BC-9C70-44D1-9D69-20579495360B}.Release|x64.ActiveCfg = Release|Any CPU
		{04FE54BC-9C70-44D1-9D69-20579495360B}.Release|x64.Build.0 = Release|Any CPU
		{04FE54BC-9C70-44D1-9D69-20579495360B}.Release|x86.ActiveCfg = Release|Any CPU
		{04FE54BC-9C70-44D1-9D69-20579495360B}.Release|x86.Build.0 = Release|Any CPU
	EndGlobalSection
	GlobalSection(SolutionProperties) = preSolution
		HideSolutionNode = FALSE
	EndGlobalSection
EndGlobal
